
Microsoft Visual Studio Solution File, Format Version 12.00
# Visual Studio 15
VisualStudioVersion = 15.0.28307.102
MinimumVisualStudioVersion = 10.0.40219.1
Project("{FAE04EC0-301F-11D3-BF4B-00C04F79EFBC}") = "AssemblyBrowser", "AssemblyBrowser\AssemblyBrowser.csproj", "{BCB9358E-C038-4C1A-AF9B-5EA982B4BD8C}"
EndProject
Global
	GlobalSection(SolutionConfigurationPlatforms) = preSolution
		Debug|Any CPU = Debug|Any CPU
		Release|Any CPU = Release|Any CPU
	EndGlobalSection
	GlobalSection(ProjectConfigurationPlatforms) = postSolution
		{BCB9358E-C038-4C1A-AF9B-5EA982B4BD8C}.Debug|Any CPU.ActiveCfg = Debug|Any CPU
		{BCB9358E-C038-4C1A-AF9B-5EA982B4BD8C}.Debug|Any CPU.Build.0 = Debug|Any CPU
		{BCB9358E-C038-4C1A-AF9B-5EA982B4BD8C}.Release|Any CPU.ActiveCfg = Release|Any CPU
		{BCB9358E-C038-4C1A-AF9B-5EA982B4BD8C}.Release|Any CPU.Build.0 = Release|Any CPU
	EndGlobalSection
	GlobalSection(SolutionProperties) = preSolution
		HideSolutionNode = FALSE
	EndGlobalSection
	GlobalSection(ExtensibilityGlobals) = postSolution
		SolutionGuid = {4641BF5F-584F-42F0-8D32-057750EFD995}
	EndGlobalSection
EndGlobal
